
Microsoft Visual Studio Solution File, Format Version 12.00
# Visual Studio Version 17
VisualStudioVersion = 17.5.002.0
MinimumVisualStudioVersion = 10.0.40219.1
<<<<<<< HEAD
Project("{9A19103F-16F7-4668-BE54-9A1E7A4F7556}") = "postulacion-docente", "postulacion-docente.csproj", "{9F757B9C-E7B6-4965-AE4A-7E7564AFF903}"
=======
Project("{9A19103F-16F7-4668-BE54-9A1E7A4F7556}") = "postulacion-docente", "postulacion-docente.csproj", "{91ED4FEF-E9E8-4C40-B7BC-ABBA84D23B1A}"
>>>>>>> 6aae34ff4b455b4e50200862e8dbae172152c3aa
EndProject
Global
	GlobalSection(SolutionConfigurationPlatforms) = preSolution
		Debug|Any CPU = Debug|Any CPU
		Release|Any CPU = Release|Any CPU
	EndGlobalSection
	GlobalSection(ProjectConfigurationPlatforms) = postSolution
<<<<<<< HEAD
		{9F757B9C-E7B6-4965-AE4A-7E7564AFF903}.Debug|Any CPU.ActiveCfg = Debug|Any CPU
		{9F757B9C-E7B6-4965-AE4A-7E7564AFF903}.Debug|Any CPU.Build.0 = Debug|Any CPU
		{9F757B9C-E7B6-4965-AE4A-7E7564AFF903}.Release|Any CPU.ActiveCfg = Release|Any CPU
		{9F757B9C-E7B6-4965-AE4A-7E7564AFF903}.Release|Any CPU.Build.0 = Release|Any CPU
=======
		{91ED4FEF-E9E8-4C40-B7BC-ABBA84D23B1A}.Debug|Any CPU.ActiveCfg = Debug|Any CPU
		{91ED4FEF-E9E8-4C40-B7BC-ABBA84D23B1A}.Debug|Any CPU.Build.0 = Debug|Any CPU
		{91ED4FEF-E9E8-4C40-B7BC-ABBA84D23B1A}.Release|Any CPU.ActiveCfg = Release|Any CPU
		{91ED4FEF-E9E8-4C40-B7BC-ABBA84D23B1A}.Release|Any CPU.Build.0 = Release|Any CPU
>>>>>>> 6aae34ff4b455b4e50200862e8dbae172152c3aa
	EndGlobalSection
	GlobalSection(SolutionProperties) = preSolution
		HideSolutionNode = FALSE
	EndGlobalSection
	GlobalSection(ExtensibilityGlobals) = postSolution
<<<<<<< HEAD
		SolutionGuid = {9CC7F24D-6A00-4E6C-BE0E-E197B70C6F5D}
=======
		SolutionGuid = {70A301D1-6681-44BD-8476-A7172D8AFC53}
>>>>>>> 6aae34ff4b455b4e50200862e8dbae172152c3aa
	EndGlobalSection
EndGlobal
